
Microsoft Visual Studio Solution File, Format Version 12.00
Project("{2150E333-8FDC-42A3-9474-1A3956D46DE8}") = "Services", "Services", "{886A429F-E72B-4315-92A3-7C2D27EDF934}"
EndProject
Project("{2150E333-8FDC-42A3-9474-1A3956D46DE8}") = "Catalog", "Catalog", "{B27134F7-F356-4341-95B2-C6F694432232}"
EndProject
Project("{FAE04EC0-301F-11D3-BF4B-00C04F79EFBC}") = "Catalog.API", "Services\Catalog\Catalog.API\Catalog.API.csproj", "{915D836F-891F-404E-920C-82E2CA1A24C4}"
EndProject
Project("{2150E333-8FDC-42A3-9474-1A3956D46DE8}") = "BuildingBlocks", "BuildingBlocks", "{C18FDA58-BA05-460D-9425-2A24905150CC}"
EndProject
Project("{FAE04EC0-301F-11D3-BF4B-00C04F79EFBC}") = "BuildingBlocks", "BuildingBlocks\BuildingBlocks\BuildingBlocks.csproj", "{55D108F8-5A6C-47E8-94D6-5F6281CE9015}"
EndProject
Global
	GlobalSection(SolutionConfigurationPlatforms) = preSolution
		Debug|Any CPU = Debug|Any CPU
		Release|Any CPU = Release|Any CPU
	EndGlobalSection
	GlobalSection(NestedProjects) = preSolution
		{B27134F7-F356-4341-95B2-C6F694432232} = {886A429F-E72B-4315-92A3-7C2D27EDF934}
		{915D836F-891F-404E-920C-82E2CA1A24C4} = {B27134F7-F356-4341-95B2-C6F694432232}
		{55D108F8-5A6C-47E8-94D6-5F6281CE9015} = {C18FDA58-BA05-460D-9425-2A24905150CC}
	EndGlobalSection
	GlobalSection(ProjectConfigurationPlatforms) = postSolution
		{915D836F-891F-404E-920C-82E2CA1A24C4}.Debug|Any CPU.ActiveCfg = Debug|Any CPU
		{915D836F-891F-404E-920C-82E2CA1A24C4}.Debug|Any CPU.Build.0 = Debug|Any CPU
		{915D836F-891F-404E-920C-82E2CA1A24C4}.Release|Any CPU.ActiveCfg = Release|Any CPU
		{915D836F-891F-404E-920C-82E2CA1A24C4}.Release|Any CPU.Build.0 = Release|Any CPU
		{55D108F8-5A6C-47E8-94D6-5F6281CE9015}.Debug|Any CPU.ActiveCfg = Debug|Any CPU
		{55D108F8-5A6C-47E8-94D6-5F6281CE9015}.Debug|Any CPU.Build.0 = Debug|Any CPU
		{55D108F8-5A6C-47E8-94D6-5F6281CE9015}.Release|Any CPU.ActiveCfg = Release|Any CPU
		{55D108F8-5A6C-47E8-94D6-5F6281CE9015}.Release|Any CPU.Build.0 = Release|Any CPU
	EndGlobalSection
EndGlobal
